
Microsoft Visual Studio Solution File, Format Version 12.00
# Visual Studio 15
VisualStudioVersion = 15.0.26730.16
MinimumVisualStudioVersion = 10.0.40219.1
Project("{2150E333-8FDC-42A3-9474-1A3956D46DE8}") = "src", "src", "{C27B52D5-B6C7-41FA-B278-0C97222A58B3}"
EndProject
Project("{2150E333-8FDC-42A3-9474-1A3956D46DE8}") = "Services", "Services", "{C6A790A3-1B2F-432B-BBAC-A430BD335C26}"
EndProject
Project("{2150E333-8FDC-42A3-9474-1A3956D46DE8}") = "Identity", "Identity", "{C52AB5C5-98F0-4694-909B-8A929A422958}"
EndProject
Project("{9A19103F-16F7-4668-BE54-9A1E7A4F7556}") = "Identity.API", "src\Services\Identity\Identity.API\Identity.API.csproj", "{90754A2D-97CB-41FE-ABB8-6499A70D549F}"
EndProject
Project("{E53339B2-1760-4266-BCC7-CA923CBCF16C}") = "docker-compose", "docker-compose.dcproj", "{09E80B59-B806-457C-A998-9E83822CB2E1}"
EndProject
Project("{2150E333-8FDC-42A3-9474-1A3956D46DE8}") = "Web Apps", "Web Apps", "{40194499-FB5E-47D7-94A2-4B45509F414C}"
EndProject
Project("{9A19103F-16F7-4668-BE54-9A1E7A4F7556}") = "WebMVC", "src\Web\WebMVC\WebMVC.csproj", "{72578CC4-AB54-4A73-8011-DC79AFF9D647}"
EndProject
Project("{2150E333-8FDC-42A3-9474-1A3956D46DE8}") = "BuildingBlocks", "BuildingBlocks", "{3CE10586-0EAB-45DB-8B54-E293C596C65D}"
EndProject
Project("{2150E333-8FDC-42A3-9474-1A3956D46DE8}") = "Resilience", "Resilience", "{601A8658-9FDC-4704-87E9-B87416A6BAB9}"
EndProject
Project("{9A19103F-16F7-4668-BE54-9A1E7A4F7556}") = "Resilience.Http", "src\BuildingBlocks\Resilience\Resilience.Http\Resilience.Http.csproj", "{9C78B3CB-55C2-4E99-95C3-CAC76D7EB212}"
EndProject
Project("{2150E333-8FDC-42A3-9474-1A3956D46DE8}") = "Framework", "Framework", "{A347C186-AA69-4639-A640-28FD4EC05677}"
EndProject
Project("{9A19103F-16F7-4668-BE54-9A1E7A4F7556}") = "Framework.Authentication.JwtBearer", "src\BuildingBlocks\Framework\Framework.Authentication.JwtBearer\Framework.Authentication.JwtBearer.csproj", "{97EF036E-4782-41FA-A659-4E2EC7466C4A}"
EndProject
Project("{2150E333-8FDC-42A3-9474-1A3956D46DE8}") = "Reminder", "Reminder", "{46B8A75E-72DC-41DA-97F0-68DEBF6E3ECD}"
EndProject
Project("{9A19103F-16F7-4668-BE54-9A1E7A4F7556}") = "Reminder.API", "src\Services\Reminder\Reminder.API\Reminder.API.csproj", "{1C544D48-A0B5-4E9F-A8AE-E6181618C0C7}"
EndProject
Project("{2150E333-8FDC-42A3-9474-1A3956D46DE8}") = "EventBus", "EventBus", "{BEA81F6E-EDA5-4CD8-91C6-C1C327733C8A}"
EndProject
Project("{9A19103F-16F7-4668-BE54-9A1E7A4F7556}") = "EventBus", "src\BuildingBlocks\EventBus\EventBus\EventBus.csproj", "{E959D89E-D5CD-4216-A0FD-37D5D5C73CA2}"
EndProject
Project("{9A19103F-16F7-4668-BE54-9A1E7A4F7556}") = "EventBusRabbitMQ", "src\BuildingBlocks\EventBus\EventBusRabbitMQ\EventBusRabbitMQ.csproj", "{7914AC98-64A9-4455-BF2F-2F5521FAB563}"
EndProject
Project("{2150E333-8FDC-42A3-9474-1A3956D46DE8}") = "Audit", "Audit", "{27A4948B-4B77-4701-8C28-BD096C114423}"
EndProject
Project("{9A19103F-16F7-4668-BE54-9A1E7A4F7556}") = "Audit.API", "src\Services\Audit\Audit.API\Audit.API.csproj", "{847BF9F6-6FF1-4CD2-844B-D7C98BC2A087}"
EndProject
Project("{FAE04EC0-301F-11D3-BF4B-00C04F79EFBC}") = "WebStatus", "src\Web\WebStatus\WebStatus.csproj", "{2D9B5CA4-D6C5-409B-B53D-0D61827EF418}"
EndProject
Global
	GlobalSection(SolutionConfigurationPlatforms) = preSolution
		Debug|Any CPU = Debug|Any CPU
		Release|Any CPU = Release|Any CPU
	EndGlobalSection
	GlobalSection(ProjectConfigurationPlatforms) = postSolution
		{90754A2D-97CB-41FE-ABB8-6499A70D549F}.Debug|Any CPU.ActiveCfg = Debug|Any CPU
		{90754A2D-97CB-41FE-ABB8-6499A70D549F}.Debug|Any CPU.Build.0 = Debug|Any CPU
		{90754A2D-97CB-41FE-ABB8-6499A70D549F}.Release|Any CPU.ActiveCfg = Release|Any CPU
		{90754A2D-97CB-41FE-ABB8-6499A70D549F}.Release|Any CPU.Build.0 = Release|Any CPU
		{09E80B59-B806-457C-A998-9E83822CB2E1}.Debug|Any CPU.ActiveCfg = Debug|Any CPU
		{09E80B59-B806-457C-A998-9E83822CB2E1}.Debug|Any CPU.Build.0 = Debug|Any CPU
		{09E80B59-B806-457C-A998-9E83822CB2E1}.Release|Any CPU.ActiveCfg = Release|Any CPU
		{09E80B59-B806-457C-A998-9E83822CB2E1}.Release|Any CPU.Build.0 = Release|Any CPU
		{72578CC4-AB54-4A73-8011-DC79AFF9D647}.Debug|Any CPU.ActiveCfg = Debug|Any CPU
		{72578CC4-AB54-4A73-8011-DC79AFF9D647}.Debug|Any CPU.Build.0 = Debug|Any CPU
		{72578CC4-AB54-4A73-8011-DC79AFF9D647}.Release|Any CPU.ActiveCfg = Release|Any CPU
		{72578CC4-AB54-4A73-8011-DC79AFF9D647}.Release|Any CPU.Build.0 = Release|Any CPU
		{9C78B3CB-55C2-4E99-95C3-CAC76D7EB212}.Debug|Any CPU.ActiveCfg = Debug|Any CPU
		{9C78B3CB-55C2-4E99-95C3-CAC76D7EB212}.Debug|Any CPU.Build.0 = Debug|Any CPU
		{9C78B3CB-55C2-4E99-95C3-CAC76D7EB212}.Release|Any CPU.ActiveCfg = Release|Any CPU
		{9C78B3CB-55C2-4E99-95C3-CAC76D7EB212}.Release|Any CPU.Build.0 = Release|Any CPU
		{97EF036E-4782-41FA-A659-4E2EC7466C4A}.Debug|Any CPU.ActiveCfg = Debug|Any CPU
		{97EF036E-4782-41FA-A659-4E2EC7466C4A}.Debug|Any CPU.Build.0 = Debug|Any CPU
		{97EF036E-4782-41FA-A659-4E2EC7466C4A}.Release|Any CPU.ActiveCfg = Release|Any CPU
		{97EF036E-4782-41FA-A659-4E2EC7466C4A}.Release|Any CPU.Build.0 = Release|Any CPU
		{1C544D48-A0B5-4E9F-A8AE-E6181618C0C7}.Debug|Any CPU.ActiveCfg = Debug|Any CPU
		{1C544D48-A0B5-4E9F-A8AE-E6181618C0C7}.Debug|Any CPU.Build.0 = Debug|Any CPU
		{1C544D48-A0B5-4E9F-A8AE-E6181618C0C7}.Release|Any CPU.ActiveCfg = Release|Any CPU
		{1C544D48-A0B5-4E9F-A8AE-E6181618C0C7}.Release|Any CPU.Build.0 = Release|Any CPU
		{E959D89E-D5CD-4216-A0FD-37D5D5C73CA2}.Debug|Any CPU.ActiveCfg = Debug|Any CPU
		{E959D89E-D5CD-4216-A0FD-37D5D5C73CA2}.Debug|Any CPU.Build.0 = Debug|Any CPU
		{E959D89E-D5CD-4216-A0FD-37D5D5C73CA2}.Release|Any CPU.ActiveCfg = Release|Any CPU
		{E959D89E-D5CD-4216-A0FD-37D5D5C73CA2}.Release|Any CPU.Build.0 = Release|Any CPU
		{7914AC98-64A9-4455-BF2F-2F5521FAB563}.Debug|Any CPU.ActiveCfg = Debug|Any CPU
		{7914AC98-64A9-4455-BF2F-2F5521FAB563}.Debug|Any CPU.Build.0 = Debug|Any CPU
		{7914AC98-64A9-4455-BF2F-2F5521FAB563}.Release|Any CPU.ActiveCfg = Release|Any CPU
		{7914AC98-64A9-4455-BF2F-2F5521FAB563}.Release|Any CPU.Build.0 = Release|Any CPU
		{847BF9F6-6FF1-4CD2-844B-D7C98BC2A087}.Debug|Any CPU.ActiveCfg = Debug|Any CPU
		{847BF9F6-6FF1-4CD2-844B-D7C98BC2A087}.Debug|Any CPU.Build.0 = Debug|Any CPU
		{847BF9F6-6FF1-4CD2-844B-D7C98BC2A087}.Release|Any CPU.ActiveCfg = Release|Any CPU
		{847BF9F6-6FF1-4CD2-844B-D7C98BC2A087}.Release|Any CPU.Build.0 = Release|Any CPU
		{2D9B5CA4-D6C5-409B-B53D-0D61827EF418}.Debug|Any CPU.ActiveCfg = Debug|Any CPU
		{2D9B5CA4-D6C5-409B-B53D-0D61827EF418}.Debug|Any CPU.Build.0 = Debug|Any CPU
		{2D9B5CA4-D6C5-409B-B53D-0D61827EF418}.Release|Any CPU.ActiveCfg = Release|Any CPU
		{2D9B5CA4-D6C5-409B-B53D-0D61827EF418}.Release|Any CPU.Build.0 = Release|Any CPU
	EndGlobalSection
	GlobalSection(SolutionProperties) = preSolution
		HideSolutionNode = FALSE
	EndGlobalSection
	GlobalSection(NestedProjects) = preSolution
		{C6A790A3-1B2F-432B-BBAC-A430BD335C26} = {C27B52D5-B6C7-41FA-B278-0C97222A58B3}
		{C52AB5C5-98F0-4694-909B-8A929A422958} = {C6A790A3-1B2F-432B-BBAC-A430BD335C26}
		{90754A2D-97CB-41FE-ABB8-6499A70D549F} = {C52AB5C5-98F0-4694-909B-8A929A422958}
		{40194499-FB5E-47D7-94A2-4B45509F414C} = {C27B52D5-B6C7-41FA-B278-0C97222A58B3}
		{72578CC4-AB54-4A73-8011-DC79AFF9D647} = {40194499-FB5E-47D7-94A2-4B45509F414C}
		{3CE10586-0EAB-45DB-8B54-E293C596C65D} = {C27B52D5-B6C7-41FA-B278-0C97222A58B3}
		{601A8658-9FDC-4704-87E9-B87416A6BAB9} = {3CE10586-0EAB-45DB-8B54-E293C596C65D}
		{9C78B3CB-55C2-4E99-95C3-CAC76D7EB212} = {601A8658-9FDC-4704-87E9-B87416A6BAB9}
		{A347C186-AA69-4639-A640-28FD4EC05677} = {3CE10586-0EAB-45DB-8B54-E293C596C65D}
		{97EF036E-4782-41FA-A659-4E2EC7466C4A} = {A347C186-AA69-4639-A640-28FD4EC05677}
		{46B8A75E-72DC-41DA-97F0-68DEBF6E3ECD} = {C6A790A3-1B2F-432B-BBAC-A430BD335C26}
		{1C544D48-A0B5-4E9F-A8AE-E6181618C0C7} = {46B8A75E-72DC-41DA-97F0-68DEBF6E3ECD}
		{BEA81F6E-EDA5-4CD8-91C6-C1C327733C8A} = {3CE10586-0EAB-45DB-8B54-E293C596C65D}
		{E959D89E-D5CD-4216-A0FD-37D5D5C73CA2} = {BEA81F6E-EDA5-4CD8-91C6-C1C327733C8A}
		{7914AC98-64A9-4455-BF2F-2F5521FAB563} = {BEA81F6E-EDA5-4CD8-91C6-C1C327733C8A}
		{27A4948B-4B77-4701-8C28-BD096C114423} = {C6A790A3-1B2F-432B-BBAC-A430BD335C26}
		{847BF9F6-6FF1-4CD2-844B-D7C98BC2A087} = {27A4948B-4B77-4701-8C28-BD096C114423}
		{2D9B5CA4-D6C5-409B-B53D-0D61827EF418} = {40194499-FB5E-47D7-94A2-4B45509F414C}
	EndGlobalSection
	GlobalSection(ExtensibilityGlobals) = postSolution
		SolutionGuid = {7A47C412-FBD0-46E9-A77D-6FDEB053620C}
	EndGlobalSection
EndGlobal
